
Microsoft Visual Studio Solution File, Format Version 12.00
# Visual Studio Version 17
VisualStudioVersion = 17.6.33801.468
MinimumVisualStudioVersion = 10.0.40219.1
Project("{FAE04EC0-301F-11D3-BF4B-00C04F79EFBC}") = "RegexProblem", "RegexProblem.csproj", "{3EDEC1C8-93DE-4736-8CA7-57296E811DC8}"
EndProject
Global
	GlobalSection(SolutionConfigurationPlatforms) = preSolution
		Debug|Any CPU = Debug|Any CPU
		Release|Any CPU = Release|Any CPU
	EndGlobalSection
	GlobalSection(ProjectConfigurationPlatforms) = postSolution
		{3EDEC1C8-93DE-4736-8CA7-57296E811DC8}.Debug|Any CPU.ActiveCfg = Debug|Any CPU
		{3EDEC1C8-93DE-4736-8CA7-57296E811DC8}.Debug|Any CPU.Build.0 = Debug|Any CPU
		{3EDEC1C8-93DE-4736-8CA7-57296E811DC8}.Release|Any CPU.ActiveCfg = Release|Any CPU
		{3EDEC1C8-93DE-4736-8CA7-57296E811DC8}.Release|Any CPU.Build.0 = Release|Any CPU
	EndGlobalSection
	GlobalSection(SolutionProperties) = preSolution
		HideSolutionNode = FALSE
	EndGlobalSection
	GlobalSection(ExtensibilityGlobals) = postSolution
		SolutionGuid = {F59AA2AE-6F09-46D3-8ADF-D8DB75E7D668}
	EndGlobalSection
EndGlobal
